
Microsoft Visual Studio Solution File, Format Version 12.00
# Visual Studio Version 17
VisualStudioVersion = 17.0.31903.59
MinimumVisualStudioVersion = 10.0.40219.1
Project("{2150E333-8FDC-42A3-9474-1A3956D46DE8}") = "src", "src", "{827E0CD3-B72D-47B6-A68D-7590B98EB39B}"
EndProject
Project("{2150E333-8FDC-42A3-9474-1A3956D46DE8}") = "Services", "Services", "{984BB9B3-3FA3-BE33-9484-CAC21695A33C}"
EndProject
Project("{2150E333-8FDC-42A3-9474-1A3956D46DE8}") = "Orders", "Orders", "{53A5E032-9A5F-5C5F-4C24-3FD98F4CF9B3}"
EndProject
Project("{FAE04EC0-301F-11D3-BF4B-00C04F79EFBC}") = "Orders.Domain", "src\Services\Orders\Orders.Domain\Orders.Domain.csproj", "{4F9F49CE-605B-4601-BBE2-03102FA164A3}"
EndProject
Project("{FAE04EC0-301F-11D3-BF4B-00C04F79EFBC}") = "Orders.Application", "src\Services\Orders\Orders.Application\Orders.Application.csproj", "{EB9697C8-1068-4279-A832-0EA119BC8A7B}"
EndProject
Project("{FAE04EC0-301F-11D3-BF4B-00C04F79EFBC}") = "Orders.Infrastructure", "src\Services\Orders\Orders.Infrastructure\Orders.Infrastructure.csproj", "{F1D7D2D3-43C1-4A84-9907-8804A6516D9E}"
EndProject
Project("{FAE04EC0-301F-11D3-BF4B-00C04F79EFBC}") = "Orders.API", "src\Services\Orders\Orders.API\Orders.API.csproj", "{6FFF1103-BE7A-499C-927D-4BFDCD10A345}"
EndProject
Project("{2150E333-8FDC-42A3-9474-1A3956D46DE8}") = "Inventory", "Inventory", "{CA15E31E-CB60-F235-5CDF-2E527A86A72C}"
EndProject
Project("{FAE04EC0-301F-11D3-BF4B-00C04F79EFBC}") = "Inventory.Domain", "src\Services\Inventory\Inventory.Domain\Inventory.Domain.csproj", "{72657DBD-5C16-4619-841E-F7581C40430B}"
EndProject
Project("{FAE04EC0-301F-11D3-BF4B-00C04F79EFBC}") = "Inventory.Application", "src\Services\Inventory\Inventory.Application\Inventory.Application.csproj", "{F9C5889F-807F-4B79-976E-0AB4AE6AF355}"
EndProject
Project("{FAE04EC0-301F-11D3-BF4B-00C04F79EFBC}") = "Inventory.Infrastructure", "src\Services\Inventory\Inventory.Infrastructure\Inventory.Infrastructure.csproj", "{47BBD2F0-3736-4B9C-8CFA-2438CED54C08}"
EndProject
Project("{FAE04EC0-301F-11D3-BF4B-00C04F79EFBC}") = "Inventory.API", "src\Services\Inventory\Inventory.API\Inventory.API.csproj", "{C686A4BC-6BC6-4D29-AD4F-FAA3428DA5F2}"
EndProject
Project("{2150E333-8FDC-42A3-9474-1A3956D46DE8}") = "Payments", "Payments", "{5D0AC027-C8EE-3244-A029-36278C99F1B8}"
EndProject
Project("{FAE04EC0-301F-11D3-BF4B-00C04F79EFBC}") = "Payments.Domain", "src\Services\Payments\Payments.Domain\Payments.Domain.csproj", "{897F420A-453A-4E07-B522-BFEEA97DA2ED}"
EndProject
Project("{FAE04EC0-301F-11D3-BF4B-00C04F79EFBC}") = "Payments.Application", "src\Services\Payments\Payments.Application\Payments.Application.csproj", "{6C53D40A-DB72-494B-A8DE-44D74AC33BD4}"
EndProject
Project("{FAE04EC0-301F-11D3-BF4B-00C04F79EFBC}") = "Payments.Infrastructure", "src\Services\Payments\Payments.Infrastructure\Payments.Infrastructure.csproj", "{7493F452-38FF-4363-A56D-3A2D3F7AF8A5}"
EndProject
Project("{FAE04EC0-301F-11D3-BF4B-00C04F79EFBC}") = "Payments.API", "src\Services\Payments\Payments.API\Payments.API.csproj", "{4FB8D09A-0538-47F7-A7B9-99B0FD3CA76B}"
EndProject
Project("{2150E333-8FDC-42A3-9474-1A3956D46DE8}") = "Checkout", "Checkout", "{401C9673-4E46-6B72-F776-9DD9DE50D6CC}"
EndProject
Project("{FAE04EC0-301F-11D3-BF4B-00C04F79EFBC}") = "Checkout.Domain", "src\Services\Checkout\Checkout.Domain\Checkout.Domain.csproj", "{A4B49705-DC0B-498D-B776-C575F6AEAB7E}"
EndProject
Project("{FAE04EC0-301F-11D3-BF4B-00C04F79EFBC}") = "Checkout.Application", "src\Services\Checkout\Checkout.Application\Checkout.Application.csproj", "{4FE03B5C-D8A3-4CD5-84A5-A36C15B6BF0D}"
EndProject
Project("{FAE04EC0-301F-11D3-BF4B-00C04F79EFBC}") = "Checkout.Infrastructure", "src\Services\Checkout\Checkout.Infrastructure\Checkout.Infrastructure.csproj", "{66FEFB32-2808-4E3D-A4F2-46ACDBCD7F9B}"
EndProject
Project("{FAE04EC0-301F-11D3-BF4B-00C04F79EFBC}") = "Checkout.API", "src\Services\Checkout\Checkout.API\Checkout.API.csproj", "{D00F67B2-EBE6-46D7-9A5C-A042B0B11920}"
EndProject
Project("{2150E333-8FDC-42A3-9474-1A3956D46DE8}") = "Shared", "Shared", "{C8E42992-5E42-0C2B-DBFE-AA848D06431C}"
EndProject
Project("{FAE04EC0-301F-11D3-BF4B-00C04F79EFBC}") = "Shared.Contracts", "src\Shared\Shared.Contracts\Shared.Contracts.csproj", "{06BCE069-1C9A-4052-AA4C-ABFC06B7042A}"
EndProject
Project("{FAE04EC0-301F-11D3-BF4B-00C04F79EFBC}") = "Shared.Infrastructure", "src\Shared\Shared.Infrastructure\Shared.Infrastructure.csproj", "{6968E358-A563-46ED-B4B1-E0D5BD1DC6AE}"
EndProject
Project("{2150E333-8FDC-42A3-9474-1A3956D46DE8}") = "tests", "tests", "{0AB3BF05-4346-4AA6-1389-037BE0695223}"
EndProject
Project("{FAE04EC0-301F-11D3-BF4B-00C04F79EFBC}") = "Orders.UnitTests", "tests\Orders.UnitTests\Orders.UnitTests.csproj", "{CF38BFAB-54EF-454A-B52B-0231409704F0}"
EndProject
Project("{FAE04EC0-301F-11D3-BF4B-00C04F79EFBC}") = "Inventory.UnitTests", "tests\Inventory.UnitTests\Inventory.UnitTests.csproj", "{647C1920-FBE7-4AE4-96E8-80B2E10AFA51}"
EndProject
Project("{FAE04EC0-301F-11D3-BF4B-00C04F79EFBC}") = "Payments.UnitTests", "tests\Payments.UnitTests\Payments.UnitTests.csproj", "{4A2A1B9D-48CB-4C81-8EF4-0E05A0B0B99F}"
EndProject
Project("{FAE04EC0-301F-11D3-BF4B-00C04F79EFBC}") = "Checkout.UnitTests", "tests\Checkout.UnitTests\Checkout.UnitTests.csproj", "{58158F8D-E397-44F3-837C-D221CEB71A9A}"
EndProject
Global
	GlobalSection(SolutionConfigurationPlatforms) = preSolution
		Debug|Any CPU = Debug|Any CPU
		Debug|x64 = Debug|x64
		Debug|x86 = Debug|x86
		Release|Any CPU = Release|Any CPU
		Release|x64 = Release|x64
		Release|x86 = Release|x86
	EndGlobalSection
	GlobalSection(ProjectConfigurationPlatforms) = postSolution
		{4F9F49CE-605B-4601-BBE2-03102FA164A3}.Debug|Any CPU.ActiveCfg = Debug|Any CPU
		{4F9F49CE-605B-4601-BBE2-03102FA164A3}.Debug|Any CPU.Build.0 = Debug|Any CPU
		{4F9F49CE-605B-4601-BBE2-03102FA164A3}.Debug|x64.ActiveCfg = Debug|Any CPU
		{4F9F49CE-605B-4601-BBE2-03102FA164A3}.Debug|x64.Build.0 = Debug|Any CPU
		{4F9F49CE-605B-4601-BBE2-03102FA164A3}.Debug|x86.ActiveCfg = Debug|Any CPU
		{4F9F49CE-605B-4601-BBE2-03102FA164A3}.Debug|x86.Build.0 = Debug|Any CPU
		{4F9F49CE-605B-4601-BBE2-03102FA164A3}.Release|Any CPU.ActiveCfg = Release|Any CPU
		{4F9F49CE-605B-4601-BBE2-03102FA164A3}.Release|Any CPU.Build.0 = Release|Any CPU
		{4F9F49CE-605B-4601-BBE2-03102FA164A3}.Release|x64.ActiveCfg = Release|Any CPU
		{4F9F49CE-605B-4601-BBE2-03102FA164A3}.Release|x64.Build.0 = Release|Any CPU
		{4F9F49CE-605B-4601-BBE2-03102FA164A3}.Release|x86.ActiveCfg = Release|Any CPU
		{4F9F49CE-605B-4601-BBE2-03102FA164A3}.Release|x86.Build.0 = Release|Any CPU
		{EB9697C8-1068-4279-A832-0EA119BC8A7B}.Debug|Any CPU.ActiveCfg = Debug|Any CPU
		{EB9697C8-1068-4279-A832-0EA119BC8A7B}.Debug|Any CPU.Build.0 = Debug|Any CPU
		{EB9697C8-1068-4279-A832-0EA119BC8A7B}.Debug|x64.ActiveCfg = Debug|Any CPU
		{EB9697C8-1068-4279-A832-0EA119BC8A7B}.Debug|x64.Build.0 = Debug|Any CPU
		{EB9697C8-1068-4279-A832-0EA119BC8A7B}.Debug|x86.ActiveCfg = Debug|Any CPU
		{EB9697C8-1068-4279-A832-0EA119BC8A7B}.Debug|x86.Build.0 = Debug|Any CPU
		{EB9697C8-1068-4279-A832-0EA119BC8A7B}.Release|Any CPU.ActiveCfg = Release|Any CPU
		{EB9697C8-1068-4279-A832-0EA119BC8A7B}.Release|Any CPU.Build.0 = Release|Any CPU
		{EB9697C8-1068-4279-A832-0EA119BC8A7B}.Release|x64.ActiveCfg = Release|Any CPU
		{EB9697C8-1068-4279-A832-0EA119BC8A7B}.Release|x64.Build.0 = Release|Any CPU
		{EB9697C8-1068-4279-A832-0EA119BC8A7B}.Release|x86.ActiveCfg = Release|Any CPU
		{EB9697C8-1068-4279-A832-0EA119BC8A7B}.Release|x86.Build.0 = Release|Any CPU
		{F1D7D2D3-43C1-4A84-9907-8804A6516D9E}.Debug|Any CPU.ActiveCfg = Debug|Any CPU
		{F1D7D2D3-43C1-4A84-9907-8804A6516D9E}.Debug|Any CPU.Build.0 = Debug|Any CPU
		{F1D7D2D3-43C1-4A84-9907-8804A6516D9E}.Debug|x64.ActiveCfg = Debug|Any CPU
		{F1D7D2D3-43C1-4A84-9907-8804A6516D9E}.Debug|x64.Build.0 = Debug|Any CPU
		{F1D7D2D3-43C1-4A84-9907-8804A6516D9E}.Debug|x86.ActiveCfg = Debug|Any CPU
		{F1D7D2D3-43C1-4A84-9907-8804A6516D9E}.Debug|x86.Build.0 = Debug|Any CPU
		{F1D7D2D3-43C1-4A84-9907-8804A6516D9E}.Release|Any CPU.ActiveCfg = Release|Any CPU
		{F1D7D2D3-43C1-4A84-9907-8804A6516D9E}.Release|Any CPU.Build.0 = Release|Any CPU
		{F1D7D2D3-43C1-4A84-9907-8804A6516D9E}.Release|x64.ActiveCfg = Release|Any CPU
		{F1D7D2D3-43C1-4A84-9907-8804A6516D9E}.Release|x64.Build.0 = Release|Any CPU
		{F1D7D2D3-43C1-4A84-9907-8804A6516D9E}.Release|x86.ActiveCfg = Release|Any CPU
		{F1D7D2D3-43C1-4A84-9907-8804A6516D9E}.Release|x86.Build.0 = Release|Any CPU
		{6FFF1103-BE7A-499C-927D-4BFDCD10A345}.Debug|Any CPU.ActiveCfg = Debug|Any CPU
		{6FFF1103-BE7A-499C-927D-4BFDCD10A345}.Debug|Any CPU.Build.0 = Debug|Any CPU
		{6FFF1103-BE7A-499C-927D-4BFDCD10A345}.Debug|x64.ActiveCfg = Debug|Any CPU
		{6FFF1103-BE7A-499C-927D-4BFDCD10A345}.Debug|x64.Build.0 = Debug|Any CPU
		{6FFF1103-BE7A-499C-927D-4BFDCD10A345}.Debug|x86.ActiveCfg = Debug|Any CPU
		{6FFF1103-BE7A-499C-927D-4BFDCD10A345}.Debug|x86.Build.0 = Debug|Any CPU
		{6FFF1103-BE7A-499C-927D-4BFDCD10A345}.Release|Any CPU.ActiveCfg = Release|Any CPU
		{6FFF1103-BE7A-499C-927D-4BFDCD10A345}.Release|Any CPU.Build.0 = Release|Any CPU
		{6FFF1103-BE7A-499C-927D-4BFDCD10A345}.Release|x64.ActiveCfg = Release|Any CPU
		{6FFF1103-BE7A-499C-927D-4BFDCD10A345}.Release|x64.Build.0 = Release|Any CPU
		{6FFF1103-BE7A-499C-927D-4BFDCD10A345}.Release|x86.ActiveCfg = Release|Any CPU
		{6FFF1103-BE7A-499C-927D-4BFDCD10A345}.Release|x86.Build.0 = Release|Any CPU
		{72657DBD-5C16-4619-841E-F7581C40430B}.Debug|Any CPU.ActiveCfg = Debug|Any CPU
		{72657DBD-5C16-4619-841E-F7581C40430B}.Debug|Any CPU.Build.0 = Debug|Any CPU
		{72657DBD-5C16-4619-841E-F7581C40430B}.Debug|x64.ActiveCfg = Debug|Any CPU
		{72657DBD-5C16-4619-841E-F7581C40430B}.Debug|x64.Build.0 = Debug|Any CPU
		{72657DBD-5C16-4619-841E-F7581C40430B}.Debug|x86.ActiveCfg = Debug|Any CPU
		{72657DBD-5C16-4619-841E-F7581C40430B}.Debug|x86.Build.0 = Debug|Any CPU
		{72657DBD-5C16-4619-841E-F7581C40430B}.Release|Any CPU.ActiveCfg = Release|Any CPU
		{72657DBD-5C16-4619-841E-F7581C40430B}.Release|Any CPU.Build.0 = Release|Any CPU
		{72657DBD-5C16-4619-841E-F7581C40430B}.Release|x64.ActiveCfg = Release|Any CPU
		{72657DBD-5C16-4619-841E-F7581C40430B}.Release|x64.Build.0 = Release|Any CPU
		{72657DBD-5C16-4619-841E-F7581C40430B}.Release|x86.ActiveCfg = Release|Any CPU
		{72657DBD-5C16-4619-841E-F7581C40430B}.Release|x86.Build.0 = Release|Any CPU
		{F9C5889F-807F-4B79-976E-0AB4AE6AF355}.Debug|Any CPU.ActiveCfg = Debug|Any CPU
		{F9C5889F-807F-4B79-976E-0AB4AE6AF355}.Debug|Any CPU.Build.0 = Debug|Any CPU
		{F9C5889F-807F-4B79-976E-0AB4AE6AF355}.Debug|x64.ActiveCfg = Debug|Any CPU
		{F9C5889F-807F-4B79-976E-0AB4AE6AF355}.Debug|x64.Build.0 = Debug|Any CPU
		{F9C5889F-807F-4B79-976E-0AB4AE6AF355}.Debug|x86.ActiveCfg = Debug|Any CPU
		{F9C5889F-807F-4B79-976E-0AB4AE6AF355}.Debug|x86.Build.0 = Debug|Any CPU
		{F9C5889F-807F-4B79-976E-0AB4AE6AF355}.Release|Any CPU.ActiveCfg = Release|Any CPU
		{F9C5889F-807F-4B79-976E-0AB4AE6AF355}.Release|Any CPU.Build.0 = Release|Any CPU
		{F9C5889F-807F-4B79-976E-0AB4AE6AF355}.Release|x64.ActiveCfg = Release|Any CPU
		{F9C5889F-807F-4B79-976E-0AB4AE6AF355}.Release|x64.Build.0 = Release|Any CPU
		{F9C5889F-807F-4B79-976E-0AB4AE6AF355}.Release|x86.ActiveCfg = Release|Any CPU
		{F9C5889F-807F-4B79-976E-0AB4AE6AF355}.Release|x86.Build.0 = Release|Any CPU
		{47BBD2F0-3736-4B9C-8CFA-2438CED54C08}.Debug|Any CPU.ActiveCfg = Debug|Any CPU
		{47BBD2F0-3736-4B9C-8CFA-2438CED54C08}.Debug|Any CPU.Build.0 = Debug|Any CPU
		{47BBD2F0-3736-4B9C-8CFA-2438CED54C08}.Debug|x64.ActiveCfg = Debug|Any CPU
		{47BBD2F0-3736-4B9C-8CFA-2438CED54C08}.Debug|x64.Build.0 = Debug|Any CPU
		{47BBD2F0-3736-4B9C-8CFA-2438CED54C08}.Debug|x86.ActiveCfg = Debug|Any CPU
		{47BBD2F0-3736-4B9C-8CFA-2438CED54C08}.Debug|x86.Build.0 = Debug|Any CPU
		{47BBD2F0-3736-4B9C-8CFA-2438CED54C08}.Release|Any CPU.ActiveCfg = Release|Any CPU
		{47BBD2F0-3736-4B9C-8CFA-2438CED54C08}.Release|Any CPU.Build.0 = Release|Any CPU
		{47BBD2F0-3736-4B9C-8CFA-2438CED54C08}.Release|x64.ActiveCfg = Release|Any CPU
		{47BBD2F0-3736-4B9C-8CFA-2438CED54C08}.Release|x64.Build.0 = Release|Any CPU
		{47BBD2F0-3736-4B9C-8CFA-2438CED54C08}.Release|x86.ActiveCfg = Release|Any CPU
		{47BBD2F0-3736-4B9C-8CFA-2438CED54C08}.Release|x86.Build.0 = Release|Any CPU
		{C686A4BC-6BC6-4D29-AD4F-FAA3428DA5F2}.Debug|Any CPU.ActiveCfg = Debug|Any CPU
		{C686A4BC-6BC6-4D29-AD4F-FAA3428DA5F2}.Debug|Any CPU.Build.0 = Debug|Any CPU
		{C686A4BC-6BC6-4D29-AD4F-FAA3428DA5F2}.Debug|x64.ActiveCfg = Debug|Any CPU
		{C686A4BC-6BC6-4D29-AD4F-FAA3428DA5F2}.Debug|x64.Build.0 = Debug|Any CPU
		{C686A4BC-6BC6-4D29-AD4F-FAA3428DA5F2}.Debug|x86.ActiveCfg = Debug|Any CPU
		{C686A4BC-6BC6-4D29-AD4F-FAA3428DA5F2}.Debug|x86.Build.0 = Debug|Any CPU
		{C686A4BC-6BC6-4D29-AD4F-FAA3428DA5F2}.Release|Any CPU.ActiveCfg = Release|Any CPU
		{C686A4BC-6BC6-4D29-AD4F-FAA3428DA5F2}.Release|Any CPU.Build.0 = Release|Any CPU
		{C686A4BC-6BC6-4D29-AD4F-FAA3428DA5F2}.Release|x64.ActiveCfg = Release|Any CPU
		{C686A4BC-6BC6-4D29-AD4F-FAA3428DA5F2}.Release|x64.Build.0 = Release|Any CPU
		{C686A4BC-6BC6-4D29-AD4F-FAA3428DA5F2}.Release|x86.ActiveCfg = Release|Any CPU
		{C686A4BC-6BC6-4D29-AD4F-FAA3428DA5F2}.Release|x86.Build.0 = Release|Any CPU
		{897F420A-453A-4E07-B522-BFEEA97DA2ED}.Debug|Any CPU.ActiveCfg = Debug|Any CPU
		{897F420A-453A-4E07-B522-BFEEA97DA2ED}.Debug|Any CPU.Build.0 = Debug|Any CPU
		{897F420A-453A-4E07-B522-BFEEA97DA2ED}.Debug|x64.ActiveCfg = Debug|Any CPU
		{897F420A-453A-4E07-B522-BFEEA97DA2ED}.Debug|x64.Build.0 = Debug|Any CPU
		{897F420A-453A-4E07-B522-BFEEA97DA2ED}.Debug|x86.ActiveCfg = Debug|Any CPU
		{897F420A-453A-4E07-B522-BFEEA97DA2ED}.Debug|x86.Build.0 = Debug|Any CPU
		{897F420A-453A-4E07-B522-BFEEA97DA2ED}.Release|Any CPU.ActiveCfg = Release|Any CPU
		{897F420A-453A-4E07-B522-BFEEA97DA2ED}.Release|Any CPU.Build.0 = Release|Any CPU
		{897F420A-453A-4E07-B522-BFEEA97DA2ED}.Release|x64.ActiveCfg = Release|Any CPU
		{897F420A-453A-4E07-B522-BFEEA97DA2ED}.Release|x64.Build.0 = Release|Any CPU
		{897F420A-453A-4E07-B522-BFEEA97DA2ED}.Release|x86.ActiveCfg = Release|Any CPU
		{897F420A-453A-4E07-B522-BFEEA97DA2ED}.Release|x86.Build.0 = Release|Any CPU
		{6C53D40A-DB72-494B-A8DE-44D74AC33BD4}.Debug|Any CPU.ActiveCfg = Debug|Any CPU
		{6C53D40A-DB72-494B-A8DE-44D74AC33BD4}.Debug|Any CPU.Build.0 = Debug|Any CPU
		{6C53D40A-DB72-494B-A8DE-44D74AC33BD4}.Debug|x64.ActiveCfg = Debug|Any CPU
		{6C53D40A-DB72-494B-A8DE-44D74AC33BD4}.Debug|x64.Build.0 = Debug|Any CPU
		{6C53D40A-DB72-494B-A8DE-44D74AC33BD4}.Debug|x86.ActiveCfg = Debug|Any CPU
		{6C53D40A-DB72-494B-A8DE-44D74AC33BD4}.Debug|x86.Build.0 = Debug|Any CPU
		{6C53D40A-DB72-494B-A8DE-44D74AC33BD4}.Release|Any CPU.ActiveCfg = Release|Any CPU
		{6C53D40A-DB72-494B-A8DE-44D74AC33BD4}.Release|Any CPU.Build.0 = Release|Any CPU
		{6C53D40A-DB72-494B-A8DE-44D74AC33BD4}.Release|x64.ActiveCfg = Release|Any CPU
		{6C53D40A-DB72-494B-A8DE-44D74AC33BD4}.Release|x64.Build.0 = Release|Any CPU
		{6C53D40A-DB72-494B-A8DE-44D74AC33BD4}.Release|x86.ActiveCfg = Release|Any CPU
		{6C53D40A-DB72-494B-A8DE-44D74AC33BD4}.Release|x86.Build.0 = Release|Any CPU
		{7493F452-38FF-4363-A56D-3A2D3F7AF8A5}.Debug|Any CPU.ActiveCfg = Debug|Any CPU
		{7493F452-38FF-4363-A56D-3A2D3F7AF8A5}.Debug|Any CPU.Build.0 = Debug|Any CPU
		{7493F452-38FF-4363-A56D-3A2D3F7AF8A5}.Debug|x64.ActiveCfg = Debug|Any CPU
		{7493F452-38FF-4363-A56D-3A2D3F7AF8A5}.Debug|x64.Build.0 = Debug|Any CPU
		{7493F452-38FF-4363-A56D-3A2D3F7AF8A5}.Debug|x86.ActiveCfg = Debug|Any CPU
		{7493F452-38FF-4363-A56D-3A2D3F7AF8A5}.Debug|x86.Build.0 = Debug|Any CPU
		{7493F452-38FF-4363-A56D-3A2D3F7AF8A5}.Release|Any CPU.ActiveCfg = Release|Any CPU
		{7493F452-38FF-4363-A56D-3A2D3F7AF8A5}.Release|Any CPU.Build.0 = Release|Any CPU
		{7493F452-38FF-4363-A56D-3A2D3F7AF8A5}.Release|x64.ActiveCfg = Release|Any CPU
		{7493F452-38FF-4363-A56D-3A2D3F7AF8A5}.Release|x64.Build.0 = Release|Any CPU
		{7493F452-38FF-4363-A56D-3A2D3F7AF8A5}.Release|x86.ActiveCfg = Release|Any CPU
		{7493F452-38FF-4363-A56D-3A2D3F7AF8A5}.Release|x86.Build.0 = Release|Any CPU
		{4FB8D09A-0538-47F7-A7B9-99B0FD3CA76B}.Debug|Any CPU.ActiveCfg = Debug|Any CPU
		{4FB8D09A-0538-47F7-A7B9-99B0FD3CA76B}.Debug|Any CPU.Build.0 = Debug|Any CPU
		{4FB8D09A-0538-47F7-A7B9-99B0FD3CA76B}.Debug|x64.ActiveCfg = Debug|Any CPU
		{4FB8D09A-0538-47F7-A7B9-99B0FD3CA76B}.Debug|x64.Build.0 = Debug|Any CPU
		{4FB8D09A-0538-47F7-A7B9-99B0FD3CA76B}.Debug|x86.ActiveCfg = Debug|Any CPU
		{4FB8D09A-0538-47F7-A7B9-99B0FD3CA76B}.Debug|x86.Build.0 = Debug|Any CPU
		{4FB8D09A-0538-47F7-A7B9-99B0FD3CA76B}.Release|Any CPU.ActiveCfg = Release|Any CPU
		{4FB8D09A-0538-47F7-A7B9-99B0FD3CA76B}.Release|Any CPU.Build.0 = Release|Any CPU
		{4FB8D09A-0538-47F7-A7B9-99B0FD3CA76B}.Release|x64.ActiveCfg = Release|Any CPU
		{4FB8D09A-0538-47F7-A7B9-99B0FD3CA76B}.Release|x64.Build.0 = Release|Any CPU
		{4FB8D09A-0538-47F7-A7B9-99B0FD3CA76B}.Release|x86.ActiveCfg = Release|Any CPU
		{4FB8D09A-0538-47F7-A7B9-99B0FD3CA76B}.Release|x86.Build.0 = Release|Any CPU
		{A4B49705-DC0B-498D-B776-C575F6AEAB7E}.Debug|Any CPU.ActiveCfg = Debug|Any CPU
		{A4B49705-DC0B-498D-B776-C575F6AEAB7E}.Debug|Any CPU.Build.0 = Debug|Any CPU
		{A4B49705-DC0B-498D-B776-C575F6AEAB7E}.Debug|x64.ActiveCfg = Debug|Any CPU
		{A4B49705-DC0B-498D-B776-C575F6AEAB7E}.Debug|x64.Build.0 = Debug|Any CPU
		{A4B49705-DC0B-498D-B776-C575F6AEAB7E}.Debug|x86.ActiveCfg = Debug|Any CPU
		{A4B49705-DC0B-498D-B776-C575F6AEAB7E}.Debug|x86.Build.0 = Debug|Any CPU
		{A4B49705-DC0B-498D-B776-C575F6AEAB7E}.Release|Any CPU.ActiveCfg = Release|Any CPU
		{A4B49705-DC0B-498D-B776-C575F6AEAB7E}.Release|Any CPU.Build.0 = Release|Any CPU
		{A4B49705-DC0B-498D-B776-C575F6AEAB7E}.Release|x64.ActiveCfg = Release|Any CPU
		{A4B49705-DC0B-498D-B776-C575F6AEAB7E}.Release|x64.Build.0 = Release|Any CPU
		{A4B49705-DC0B-498D-B776-C575F6AEAB7E}.Release|x86.ActiveCfg = Release|Any CPU
		{A4B49705-DC0B-498D-B776-C575F6AEAB7E}.Release|x86.Build.0 = Release|Any CPU
		{4FE03B5C-D8A3-4CD5-84A5-A36C15B6BF0D}.Debug|Any CPU.ActiveCfg = Debug|Any CPU
		{4FE03B5C-D8A3-4CD5-84A5-A36C15B6BF0D}.Debug|Any CPU.Build.0 = Debug|Any CPU
		{4FE03B5C-D8A3-4CD5-84A5-A36C15B6BF0D}.Debug|x64.ActiveCfg = Debug|Any CPU
		{4FE03B5C-D8A3-4CD5-84A5-A36C15B6BF0D}.Debug|x64.Build.0 = Debug|Any CPU
		{4FE03B5C-D8A3-4CD5-84A5-A36C15B6BF0D}.Debug|x86.ActiveCfg = Debug|Any CPU
		{4FE03B5C-D8A3-4CD5-84A5-A36C15B6BF0D}.Debug|x86.Build.0 = Debug|Any CPU
		{4FE03B5C-D8A3-4CD5-84A5-A36C15B6BF0D}.Release|Any CPU.ActiveCfg = Release|Any CPU
		{4FE03B5C-D8A3-4CD5-84A5-A36C15B6BF0D}.Release|Any CPU.Build.0 = Release|Any CPU
		{4FE03B5C-D8A3-4CD5-84A5-A36C15B6BF0D}.Release|x64.ActiveCfg = Release|Any CPU
		{4FE03B5C-D8A3-4CD5-84A5-A36C15B6BF0D}.Release|x64.Build.0 = Release|Any CPU
		{4FE03B5C-D8A3-4CD5-84A5-A36C15B6BF0D}.Release|x86.ActiveCfg = Release|Any CPU
		{4FE03B5C-D8A3-4CD5-84A5-A36C15B6BF0D}.Release|x86.Build.0 = Release|Any CPU
		{66FEFB32-2808-4E3D-A4F2-46ACDBCD7F9B}.Debug|Any CPU.ActiveCfg = Debug|Any CPU
		{66FEFB32-2808-4E3D-A4F2-46ACDBCD7F9B}.Debug|Any CPU.Build.0 = Debug|Any CPU
		{66FEFB32-2808-4E3D-A4F2-46ACDBCD7F9B}.Debug|x64.ActiveCfg = Debug|Any CPU
		{66FEFB32-2808-4E3D-A4F2-46ACDBCD7F9B}.Debug|x64.Build.0 = Debug|Any CPU
		{66FEFB32-2808-4E3D-A4F2-46ACDBCD7F9B}.Debug|x86.ActiveCfg = Debug|Any CPU
		{66FEFB32-2808-4E3D-A4F2-46ACDBCD7F9B}.Debug|x86.Build.0 = Debug|Any CPU
		{66FEFB32-2808-4E3D-A4F2-46ACDBCD7F9B}.Release|Any CPU.ActiveCfg = Release|Any CPU
		{66FEFB32-2808-4E3D-A4F2-46ACDBCD7F9B}.Release|Any CPU.Build.0 = Release|Any CPU
		{66FEFB32-2808-4E3D-A4F2-46ACDBCD7F9B}.Release|x64.ActiveCfg = Release|Any CPU
		{66FEFB32-2808-4E3D-A4F2-46ACDBCD7F9B}.Release|x64.Build.0 = Release|Any CPU
		{66FEFB32-2808-4E3D-A4F2-46ACDBCD7F9B}.Release|x86.ActiveCfg = Release|Any CPU
		{66FEFB32-2808-4E3D-A4F2-46ACDBCD7F9B}.Release|x86.Build.0 = Release|Any CPU
		{D00F67B2-EBE6-46D7-9A5C-A042B0B11920}.Debug|Any CPU.ActiveCfg = Debug|Any CPU
		{D00F67B2-EBE6-46D7-9A5C-A042B0B11920}.Debug|Any CPU.Build.0 = Debug|Any CPU
		{D00F67B2-EBE6-46D7-9A5C-A042B0B11920}.Debug|x64.ActiveCfg = Debug|Any CPU
		{D00F67B2-EBE6-46D7-9A5C-A042B0B11920}.Debug|x64.Build.0 = Debug|Any CPU
		{D00F67B2-EBE6-46D7-9A5C-A042B0B11920}.Debug|x86.ActiveCfg = Debug|Any CPU
		{D00F67B2-EBE6-46D7-9A5C-A042B0B11920}.Debug|x86.Build.0 = Debug|Any CPU
		{D00F67B2-EBE6-46D7-9A5C-A042B0B11920}.Release|Any CPU.ActiveCfg = Release|Any CPU
		{D00F67B2-EBE6-46D7-9A5C-A042B0B11920}.Release|Any CPU.Build.0 = Release|Any CPU
		{D00F67B2-EBE6-46D7-9A5C-A042B0B11920}.Release|x64.ActiveCfg = Release|Any CPU
		{D00F67B2-EBE6-46D7-9A5C-A042B0B11920}.Release|x64.Build.0 = Release|Any CPU
		{D00F67B2-EBE6-46D7-9A5C-A042B0B11920}.Release|x86.ActiveCfg = Release|Any CPU
		{D00F67B2-EBE6-46D7-9A5C-A042B0B11920}.Release|x86.Build.0 = Release|Any CPU
		{06BCE069-1C9A-4052-AA4C-ABFC06B7042A}.Debug|Any CPU.ActiveCfg = Debug|Any CPU
		{06BCE069-1C9A-4052-AA4C-ABFC06B7042A}.Debug|Any CPU.Build.0 = Debug|Any CPU
		{06BCE069-1C9A-4052-AA4C-ABFC06B7042A}.Debug|x64.ActiveCfg = Debug|Any CPU
		{06BCE069-1C9A-4052-AA4C-ABFC06B7042A}.Debug|x64.Build.0 = Debug|Any CPU
		{06BCE069-1C9A-4052-AA4C-ABFC06B7042A}.Debug|x86.ActiveCfg = Debug|Any CPU
		{06BCE069-1C9A-4052-AA4C-ABFC06B7042A}.Debug|x86.Build.0 = Debug|Any CPU
		{06BCE069-1C9A-4052-AA4C-ABFC06B7042A}.Release|Any CPU.ActiveCfg = Release|Any CPU
		{06BCE069-1C9A-4052-AA4C-ABFC06B7042A}.Release|Any CPU.Build.0 = Release|Any CPU
		{06BCE069-1C9A-4052-AA4C-ABFC06B7042A}.Release|x64.ActiveCfg = Release|Any CPU
		{06BCE069-1C9A-4052-AA4C-ABFC06B7042A}.Release|x64.Build.0 = Release|Any CPU
		{06BCE069-1C9A-4052-AA4C-ABFC06B7042A}.Release|x86.ActiveCfg = Release|Any CPU
		{06BCE069-1C9A-4052-AA4C-ABFC06B7042A}.Release|x86.Build.0 = Release|Any CPU
		{6968E358-A563-46ED-B4B1-E0D5BD1DC6AE}.Debug|Any CPU.ActiveCfg = Debug|Any CPU
		{6968E358-A563-46ED-B4B1-E0D5BD1DC6AE}.Debug|Any CPU.Build.0 = Debug|Any CPU
		{6968E358-A563-46ED-B4B1-E0D5BD1DC6AE}.Debug|x64.ActiveCfg = Debug|Any CPU
		{6968E358-A563-46ED-B4B1-E0D5BD1DC6AE}.Debug|x64.Build.0 = Debug|Any CPU
		{6968E358-A563-46ED-B4B1-E0D5BD1DC6AE}.Debug|x86.ActiveCfg = Debug|Any CPU
		{6968E358-A563-46ED-B4B1-E0D5BD1DC6AE}.Debug|x86.Build.0 = Debug|Any CPU
		{6968E358-A563-46ED-B4B1-E0D5BD1DC6AE}.Release|Any CPU.ActiveCfg = Release|Any CPU
		{6968E358-A563-46ED-B4B1-E0D5BD1DC6AE}.Release|Any CPU.Build.0 = Release|Any CPU
		{6968E358-A563-46ED-B4B1-E0D5BD1DC6AE}.Release|x64.ActiveCfg = Release|Any CPU
		{6968E358-A563-46ED-B4B1-E0D5BD1DC6AE}.Release|x64.Build.0 = Release|Any CPU
		{6968E358-A563-46ED-B4B1-E0D5BD1DC6AE}.Release|x86.ActiveCfg = Release|Any CPU
		{6968E358-A563-46ED-B4B1-E0D5BD1DC6AE}.Release|x86.Build.0 = Release|Any CPU
		{CF38BFAB-54EF-454A-B52B-0231409704F0}.Debug|Any CPU.ActiveCfg = Debug|Any CPU
		{CF38BFAB-54EF-454A-B52B-0231409704F0}.Debug|Any CPU.Build.0 = Debug|Any CPU
		{CF38BFAB-54EF-454A-B52B-0231409704F0}.Debug|x64.ActiveCfg = Debug|Any CPU
		{CF38BFAB-54EF-454A-B52B-0231409704F0}.Debug|x64.Build.0 = Debug|Any CPU
		{CF38BFAB-54EF-454A-B52B-0231409704F0}.Debug|x86.ActiveCfg = Debug|Any CPU
		{CF38BFAB-54EF-454A-B52B-0231409704F0}.Debug|x86.Build.0 = Debug|Any CPU
		{CF38BFAB-54EF-454A-B52B-0231409704F0}.Release|Any CPU.ActiveCfg = Release|Any CPU
		{CF38BFAB-54EF-454A-B52B-0231409704F0}.Release|Any CPU.Build.0 = Release|Any CPU
		{CF38BFAB-54EF-454A-B52B-0231409704F0}.Release|x64.ActiveCfg = Release|Any CPU
		{CF38BFAB-54EF-454A-B52B-0231409704F0}.Release|x64.Build.0 = Release|Any CPU
		{CF38BFAB-54EF-454A-B52B-0231409704F0}.Release|x86.ActiveCfg = Release|Any CPU
		{CF38BFAB-54EF-454A-B52B-0231409704F0}.Release|x86.Build.0 = Release|Any CPU
		{647C1920-FBE7-4AE4-96E8-80B2E10AFA51}.Debug|Any CPU.ActiveCfg = Debug|Any CPU
		{647C1920-FBE7-4AE4-96E8-80B2E10AFA51}.Debug|Any CPU.Build.0 = Debug|Any CPU
		{647C1920-FBE7-4AE4-96E8-80B2E10AFA51}.Debug|x64.ActiveCfg = Debug|Any CPU
		{647C1920-FBE7-4AE4-96E8-80B2E10AFA51}.Debug|x64.Build.0 = Debug|Any CPU
		{647C1920-FBE7-4AE4-96E8-80B2E10AFA51}.Debug|x86.ActiveCfg = Debug|Any CPU
		{647C1920-FBE7-4AE4-96E8-80B2E10AFA51}.Debug|x86.Build.0 = Debug|Any CPU
		{647C1920-FBE7-4AE4-96E8-80B2E10AFA51}.Release|Any CPU.ActiveCfg = Release|Any CPU
		{647C1920-FBE7-4AE4-96E8-80B2E10AFA51}.Release|Any CPU.Build.0 = Release|Any CPU
		{647C1920-FBE7-4AE4-96E8-80B2E10AFA51}.Release|x64.ActiveCfg = Release|Any CPU
		{647C1920-FBE7-4AE4-96E8-80B2E10AFA51}.Release|x64.Build.0 = Release|Any CPU
		{647C1920-FBE7-4AE4-96E8-80B2E10AFA51}.Release|x86.ActiveCfg = Release|Any CPU
		{647C1920-FBE7-4AE4-96E8-80B2E10AFA51}.Release|x86.Build.0 = Release|Any CPU
		{4A2A1B9D-48CB-4C81-8EF4-0E05A0B0B99F}.Debug|Any CPU.ActiveCfg = Debug|Any CPU
		{4A2A1B9D-48CB-4C81-8EF4-0E05A0B0B99F}.Debug|Any CPU.Build.0 = Debug|Any CPU
		{4A2A1B9D-48CB-4C81-8EF4-0E05A0B0B99F}.Debug|x64.ActiveCfg = Debug|Any CPU
		{4A2A1B9D-48CB-4C81-8EF4-0E05A0B0B99F}.Debug|x64.Build.0 = Debug|Any CPU
		{4A2A1B9D-48CB-4C81-8EF4-0E05A0B0B99F}.Debug|x86.ActiveCfg = Debug|Any CPU
		{4A2A1B9D-48CB-4C81-8EF4-0E05A0B0B99F}.Debug|x86.Build.0 = Debug|Any CPU
		{4A2A1B9D-48CB-4C81-8EF4-0E05A0B0B99F}.Release|Any CPU.ActiveCfg = Release|Any CPU
		{4A2A1B9D-48CB-4C81-8EF4-0E05A0B0B99F}.Release|Any CPU.Build.0 = Release|Any CPU
		{4A2A1B9D-48CB-4C81-8EF4-0E05A0B0B99F}.Release|x64.ActiveCfg = Release|Any CPU
		{4A2A1B9D-48CB-4C81-8EF4-0E05A0B0B99F}.Release|x64.Build.0 = Release|Any CPU
		{4A2A1B9D-48CB-4C81-8EF4-0E05A0B0B99F}.Release|x86.ActiveCfg = Release|Any CPU
		{4A2A1B9D-48CB-4C81-8EF4-0E05A0B0B99F}.Release|x86.Build.0 = Release|Any CPU
		{58158F8D-E397-44F3-837C-D221CEB71A9A}.Debug|Any CPU.ActiveCfg = Debug|Any CPU
		{58158F8D-E397-44F3-837C-D221CEB71A9A}.Debug|Any CPU.Build.0 = Debug|Any CPU
		{58158F8D-E397-44F3-837C-D221CEB71A9A}.Debug|x64.ActiveCfg = Debug|Any CPU
		{58158F8D-E397-44F3-837C-D221CEB71A9A}.Debug|x64.Build.0 = Debug|Any CPU
		{58158F8D-E397-44F3-837C-D221CEB71A9A}.Debug|x86.ActiveCfg = Debug|Any CPU
		{58158F8D-E397-44F3-837C-D221CEB71A9A}.Debug|x86.Build.0 = Debug|Any CPU
		{58158F8D-E397-44F3-837C-D221CEB71A9A}.Release|Any CPU.ActiveCfg = Release|Any CPU
		{58158F8D-E397-44F3-837C-D221CEB71A9A}.Release|Any CPU.Build.0 = Release|Any CPU
		{58158F8D-E397-44F3-837C-D221CEB71A9A}.Release|x64.ActiveCfg = Release|Any CPU
		{58158F8D-E397-44F3-837C-D221CEB71A9A}.Release|x64.Build.0 = Release|Any CPU
		{58158F8D-E397-44F3-837C-D221CEB71A9A}.Release|x86.ActiveCfg = Release|Any CPU
		{58158F8D-E397-44F3-837C-D221CEB71A9A}.Release|x86.Build.0 = Release|Any CPU
	EndGlobalSection
	GlobalSection(SolutionProperties) = preSolution
		HideSolutionNode = FALSE
	EndGlobalSection
	GlobalSection(NestedProjects) = preSolution
		{984BB9B3-3FA3-BE33-9484-CAC21695A33C} = {827E0CD3-B72D-47B6-A68D-7590B98EB39B}
		{53A5E032-9A5F-5C5F-4C24-3FD98F4CF9B3} = {984BB9B3-3FA3-BE33-9484-CAC21695A33C}
		{4F9F49CE-605B-4601-BBE2-03102FA164A3} = {53A5E032-9A5F-5C5F-4C24-3FD98F4CF9B3}
		{EB9697C8-1068-4279-A832-0EA119BC8A7B} = {53A5E032-9A5F-5C5F-4C24-3FD98F4CF9B3}
		{F1D7D2D3-43C1-4A84-9907-8804A6516D9E} = {53A5E032-9A5F-5C5F-4C24-3FD98F4CF9B3}
		{6FFF1103-BE7A-499C-927D-4BFDCD10A345} = {53A5E032-9A5F-5C5F-4C24-3FD98F4CF9B3}
		{CA15E31E-CB60-F235-5CDF-2E527A86A72C} = {984BB9B3-3FA3-BE33-9484-CAC21695A33C}
		{72657DBD-5C16-4619-841E-F7581C40430B} = {CA15E31E-CB60-F235-5CDF-2E527A86A72C}
		{F9C5889F-807F-4B79-976E-0AB4AE6AF355} = {CA15E31E-CB60-F235-5CDF-2E527A86A72C}
		{47BBD2F0-3736-4B9C-8CFA-2438CED54C08} = {CA15E31E-CB60-F235-5CDF-2E527A86A72C}
		{C686A4BC-6BC6-4D29-AD4F-FAA3428DA5F2} = {CA15E31E-CB60-F235-5CDF-2E527A86A72C}
		{5D0AC027-C8EE-3244-A029-36278C99F1B8} = {984BB9B3-3FA3-BE33-9484-CAC21695A33C}
		{897F420A-453A-4E07-B522-BFEEA97DA2ED} = {5D0AC027-C8EE-3244-A029-36278C99F1B8}
		{6C53D40A-DB72-494B-A8DE-44D74AC33BD4} = {5D0AC027-C8EE-3244-A029-36278C99F1B8}
		{7493F452-38FF-4363-A56D-3A2D3F7AF8A5} = {5D0AC027-C8EE-3244-A029-36278C99F1B8}
		{4FB8D09A-0538-47F7-A7B9-99B0FD3CA76B} = {5D0AC027-C8EE-3244-A029-36278C99F1B8}
		{401C9673-4E46-6B72-F776-9DD9DE50D6CC} = {984BB9B3-3FA3-BE33-9484-CAC21695A33C}
		{A4B49705-DC0B-498D-B776-C575F6AEAB7E} = {401C9673-4E46-6B72-F776-9DD9DE50D6CC}
		{4FE03B5C-D8A3-4CD5-84A5-A36C15B6BF0D} = {401C9673-4E46-6B72-F776-9DD9DE50D6CC}
		{66FEFB32-2808-4E3D-A4F2-46ACDBCD7F9B} = {401C9673-4E46-6B72-F776-9DD9DE50D6CC}
		{D00F67B2-EBE6-46D7-9A5C-A042B0B11920} = {401C9673-4E46-6B72-F776-9DD9DE50D6CC}
		{C8E42992-5E42-0C2B-DBFE-AA848D06431C} = {827E0CD3-B72D-47B6-A68D-7590B98EB39B}
		{06BCE069-1C9A-4052-AA4C-ABFC06B7042A} = {C8E42992-5E42-0C2B-DBFE-AA848D06431C}
		{6968E358-A563-46ED-B4B1-E0D5BD1DC6AE} = {C8E42992-5E42-0C2B-DBFE-AA848D06431C}
		{CF38BFAB-54EF-454A-B52B-0231409704F0} = {0AB3BF05-4346-4AA6-1389-037BE0695223}
		{647C1920-FBE7-4AE4-96E8-80B2E10AFA51} = {0AB3BF05-4346-4AA6-1389-037BE0695223}
		{4A2A1B9D-48CB-4C81-8EF4-0E05A0B0B99F} = {0AB3BF05-4346-4AA6-1389-037BE0695223}
		{58158F8D-E397-44F3-837C-D221CEB71A9A} = {0AB3BF05-4346-4AA6-1389-037BE0695223}
	EndGlobalSection
EndGlobal
